
Microsoft Visual Studio Solution File, Format Version 12.00
Project("{FAE04EC0-301F-11D3-BF4B-00C04F79EFBC}") = "WpfAppTest", "WpfAppTest\WpfAppTest.csproj", "{92ADD7F4-2313-498D-B3DE-D620840C556B}"
EndProject
Global
	GlobalSection(SolutionConfigurationPlatforms) = preSolution
		Debug|Any CPU = Debug|Any CPU
		Release|Any CPU = Release|Any CPU
	EndGlobalSection
	GlobalSection(ProjectConfigurationPlatforms) = postSolution
		{92ADD7F4-2313-498D-B3DE-D620840C556B}.Debug|Any CPU.ActiveCfg = Debug|Any CPU
		{92ADD7F4-2313-498D-B3DE-D620840C556B}.Debug|Any CPU.Build.0 = Debug|Any CPU
		{92ADD7F4-2313-498D-B3DE-D620840C556B}.Release|Any CPU.ActiveCfg = Release|Any CPU
		{92ADD7F4-2313-498D-B3DE-D620840C556B}.Release|Any CPU.Build.0 = Release|Any CPU
	EndGlobalSection
EndGlobal
